// !$*UTF8*$!
{
	archiveVersion = 1;
	classes = {
	};
	objectVersion = 56;
	objects = {

/* Begin PBXBuildFile section */
		1E51BA042C87396E0009FBED /* TestAVPlayerApp.swift in Sources */ = {isa = PBXBuildFile; fileRef = 1E51BA032C87396E0009FBED /* TestAVPlayerApp.swift */; };
		1E51BA062C87396E0009FBED /* ChannelListView.swift in Sources */ = {isa = PBXBuildFile; fileRef = 1E51BA052C87396E0009FBED /* ChannelListView.swift */; };
		1E51BA082C87396F0009FBED /* Assets.xcassets in Resources */ = {isa = PBXBuildFile; fileRef = 1E51BA072C87396F0009FBED /* Assets.xcassets */; };
		1E51BA0B2C87396F0009FBED /* Preview Assets.xcassets in Resources */ = {isa = PBXBuildFile; fileRef = 1E51BA0A2C87396F0009FBED /* Preview Assets.xcassets */; };
		1E51BA132C873D800009FBED /* XMLCoder in Frameworks */ = {isa = PBXBuildFile; productRef = 1E51BA122C873D800009FBED /* XMLCoder */; };
		1E51BA152C873D8F0009FBED /* ChannelListViewModel.swift in Sources */ = {isa = PBXBuildFile; fileRef = 1E51BA142C873D8F0009FBED /* ChannelListViewModel.swift */; };
		1E51BA182C8743430009FBED /* SRService.swift in Sources */ = {isa = PBXBuildFile; fileRef = 1E51BA172C8743430009FBED /* SRService.swift */; };
		1E51BA1A2C87434C0009FBED /* APIClient.swift in Sources */ = {isa = PBXBuildFile; fileRef = 1E51BA192C87434C0009FBED /* APIClient.swift */; };
		1E51BA1D2C87AADC0009FBED /* AudioService.swift in Sources */ = {isa = PBXBuildFile; fileRef = 1E51BA1C2C87AADC0009FBED /* AudioService.swift */; };
		1E51BA1F2C87C0F60009FBED /* ChannelDetailView.swift in Sources */ = {isa = PBXBuildFile; fileRef = 1E51BA1E2C87C0F60009FBED /* ChannelDetailView.swift */; };
		1E51BA232C87C2AE0009FBED /* ChannelDetailViewModel.swift in Sources */ = {isa = PBXBuildFile; fileRef = 1E51BA222C87C2AE0009FBED /* ChannelDetailViewModel.swift */; };
		1E51BA262C8873F00009FBED /* MediaPlayerView.swift in Sources */ = {isa = PBXBuildFile; fileRef = 1E51BA252C8873F00009FBED /* MediaPlayerView.swift */; };
		1E51BA2E2C88F2B10009FBED /* DictionaryResultBuilder.swift in Sources */ = {isa = PBXBuildFile; fileRef = 1E51BA2D2C88F2B10009FBED /* DictionaryResultBuilder.swift */; };
		1E51BA312C8901660009FBED /* NiceToHave in Frameworks */ = {isa = PBXBuildFile; productRef = 1E51BA302C8901660009FBED /* NiceToHave */; };
		1E51BA332C8912BD0009FBED /* StringExtensions.swift in Sources */ = {isa = PBXBuildFile; fileRef = 1E51BA322C8912BD0009FBED /* StringExtensions.swift */; };
		1E51BA362C8914C60009FBED /* Nuke in Frameworks */ = {isa = PBXBuildFile; productRef = 1E51BA352C8914C60009FBED /* Nuke */; };
		1E51BA382C8914C60009FBED /* NukeExtensions in Frameworks */ = {isa = PBXBuildFile; productRef = 1E51BA372C8914C60009FBED /* NukeExtensions */; };
		1E51BA3A2C8914C60009FBED /* NukeUI in Frameworks */ = {isa = PBXBuildFile; productRef = 1E51BA392C8914C60009FBED /* NukeUI */; };
		1E51BA492C89D3B10009FBED /* SRServiceTests.swift in Sources */ = {isa = PBXBuildFile; fileRef = 1E51BA482C89D3B10009FBED /* SRServiceTests.swift */; };
		1E51BA4C2C89E0340009FBED /* TestHelpers.swift in Sources */ = {isa = PBXBuildFile; fileRef = 1E51BA4B2C89E0340009FBED /* TestHelpers.swift */; };
		1E51BA4E2C89E3490009FBED /* AudioServiceTests.swift in Sources */ = {isa = PBXBuildFile; fileRef = 1E51BA4D2C89E3490009FBED /* AudioServiceTests.swift */; };
		1E51BA512C8A22070009FBED /* ChannelListViewModelTests.swift in Sources */ = {isa = PBXBuildFile; fileRef = 1E51BA502C8A22070009FBED /* ChannelListViewModelTests.swift */; };
		1E51BA542C8A27100009FBED /* Mocks.swift in Sources */ = {isa = PBXBuildFile; fileRef = 1E51BA532C8A27100009FBED /* Mocks.swift */; };
/* End PBXBuildFile section */

/* Begin PBXContainerItemProxy section */
		1E51BA432C8984BA0009FBED /* PBXContainerItemProxy */ = {
			isa = PBXContainerItemProxy;
			containerPortal = 1E51B9F82C87396E0009FBED /* Project object */;
			proxyType = 1;
			remoteGlobalIDString = 1E51B9FF2C87396E0009FBED;
			remoteInfo = TestAVPlayer;
		};
/* End PBXContainerItemProxy section */

/* Begin PBXFileReference section */
		1E51BA002C87396E0009FBED /* TestAVPlayer.app */ = {isa = PBXFileReference; explicitFileType = wrapper.application; includeInIndex = 0; path = TestAVPlayer.app; sourceTree = BUILT_PRODUCTS_DIR; };
		1E51BA032C87396E0009FBED /* TestAVPlayerApp.swift */ = {isa = PBXFileReference; lastKnownFileType = sourcecode.swift; path = TestAVPlayerApp.swift; sourceTree = "<group>"; };
		1E51BA052C87396E0009FBED /* ChannelListView.swift */ = {isa = PBXFileReference; lastKnownFileType = sourcecode.swift; path = ChannelListView.swift; sourceTree = "<group>"; };
		1E51BA072C87396F0009FBED /* Assets.xcassets */ = {isa = PBXFileReference; lastKnownFileType = folder.assetcatalog; path = Assets.xcassets; sourceTree = "<group>"; };
		1E51BA0A2C87396F0009FBED /* Preview Assets.xcassets */ = {isa = PBXFileReference; lastKnownFileType = folder.assetcatalog; path = "Preview Assets.xcassets"; sourceTree = "<group>"; };
		1E51BA142C873D8F0009FBED /* ChannelListViewModel.swift */ = {isa = PBXFileReference; lastKnownFileType = sourcecode.swift; path = ChannelListViewModel.swift; sourceTree = "<group>"; };
		1E51BA172C8743430009FBED /* SRService.swift */ = {isa = PBXFileReference; lastKnownFileType = sourcecode.swift; path = SRService.swift; sourceTree = "<group>"; };
		1E51BA192C87434C0009FBED /* APIClient.swift */ = {isa = PBXFileReference; lastKnownFileType = sourcecode.swift; path = APIClient.swift; sourceTree = "<group>"; };
		1E51BA1B2C874B570009FBED /* Info.plist */ = {isa = PBXFileReference; lastKnownFileType = text.plist; path = Info.plist; sourceTree = "<group>"; };
		1E51BA1C2C87AADC0009FBED /* AudioService.swift */ = {isa = PBXFileReference; lastKnownFileType = sourcecode.swift; path = AudioService.swift; sourceTree = "<group>"; };
		1E51BA1E2C87C0F60009FBED /* ChannelDetailView.swift */ = {isa = PBXFileReference; lastKnownFileType = sourcecode.swift; path = ChannelDetailView.swift; sourceTree = "<group>"; };
		1E51BA222C87C2AE0009FBED /* ChannelDetailViewModel.swift */ = {isa = PBXFileReference; lastKnownFileType = sourcecode.swift; path = ChannelDetailViewModel.swift; sourceTree = "<group>"; };
		1E51BA252C8873F00009FBED /* MediaPlayerView.swift */ = {isa = PBXFileReference; lastKnownFileType = sourcecode.swift; path = MediaPlayerView.swift; sourceTree = "<group>"; };
		1E51BA2D2C88F2B10009FBED /* DictionaryResultBuilder.swift */ = {isa = PBXFileReference; lastKnownFileType = sourcecode.swift; path = DictionaryResultBuilder.swift; sourceTree = "<group>"; };
		1E51BA322C8912BD0009FBED /* StringExtensions.swift */ = {isa = PBXFileReference; lastKnownFileType = sourcecode.swift; path = StringExtensions.swift; sourceTree = "<group>"; };
		1E51BA3F2C8984BA0009FBED /* TestAVPlayerTests.xctest */ = {isa = PBXFileReference; explicitFileType = wrapper.cfbundle; includeInIndex = 0; path = TestAVPlayerTests.xctest; sourceTree = BUILT_PRODUCTS_DIR; };
		1E51BA482C89D3B10009FBED /* SRServiceTests.swift */ = {isa = PBXFileReference; lastKnownFileType = sourcecode.swift; path = SRServiceTests.swift; sourceTree = "<group>"; };
		1E51BA4B2C89E0340009FBED /* TestHelpers.swift */ = {isa = PBXFileReference; lastKnownFileType = sourcecode.swift; path = TestHelpers.swift; sourceTree = "<group>"; };
		1E51BA4D2C89E3490009FBED /* AudioServiceTests.swift */ = {isa = PBXFileReference; lastKnownFileType = sourcecode.swift; path = AudioServiceTests.swift; sourceTree = "<group>"; };
		1E51BA502C8A22070009FBED /* ChannelListViewModelTests.swift */ = {isa = PBXFileReference; lastKnownFileType = sourcecode.swift; path = ChannelListViewModelTests.swift; sourceTree = "<group>"; };
		1E51BA532C8A27100009FBED /* Mocks.swift */ = {isa = PBXFileReference; lastKnownFileType = sourcecode.swift; path = Mocks.swift; sourceTree = "<group>"; };
/* End PBXFileReference section */

/* Begin PBXFrameworksBuildPhase section */
		1E51B9FD2C87396E0009FBED /* Frameworks */ = {
			isa = PBXFrameworksBuildPhase;
			buildActionMask = 2147483647;
			files = (
				1E51BA3A2C8914C60009FBED /* NukeUI in Frameworks */,
				1E51BA362C8914C60009FBED /* Nuke in Frameworks */,
				1E51BA382C8914C60009FBED /* NukeExtensions in Frameworks */,
				1E51BA312C8901660009FBED /* NiceToHave in Frameworks */,
				1E51BA132C873D800009FBED /* XMLCoder in Frameworks */,
			);
			runOnlyForDeploymentPostprocessing = 0;
		};
		1E51BA3C2C8984BA0009FBED /* Frameworks */ = {
			isa = PBXFrameworksBuildPhase;
			buildActionMask = 2147483647;
			files = (
			);
			runOnlyForDeploymentPostprocessing = 0;
		};
/* End PBXFrameworksBuildPhase section */

/* Begin PBXGroup section */
		1E51B9F72C87396E0009FBED = {
			isa = PBXGroup;
			children = (
				1E51BA022C87396E0009FBED /* TestAVPlayer */,
				1E51BA402C8984BA0009FBED /* TestAVPlayerTests */,
				1E51BA012C87396E0009FBED /* Products */,
			);
			sourceTree = "<group>";
		};
		1E51BA012C87396E0009FBED /* Products */ = {
			isa = PBXGroup;
			children = (
				1E51BA002C87396E0009FBED /* TestAVPlayer.app */,
				1E51BA3F2C8984BA0009FBED /* TestAVPlayerTests.xctest */,
			);
			name = Products;
			sourceTree = "<group>";
		};
		1E51BA022C87396E0009FBED /* TestAVPlayer */ = {
			isa = PBXGroup;
			children = (
				1E51BA2C2C88F29B0009FBED /* Utils */,
				1E51BA162C8743250009FBED /* Services */,
				1E51BA292C88767E0009FBED /* Views */,
				1E51BA032C87396E0009FBED /* TestAVPlayerApp.swift */,
				1E51BA1B2C874B570009FBED /* Info.plist */,
				1E51BA072C87396F0009FBED /* Assets.xcassets */,
				1E51BA092C87396F0009FBED /* Preview Content */,
			);
			path = TestAVPlayer;
			sourceTree = "<group>";
		};
		1E51BA092C87396F0009FBED /* Preview Content */ = {
			isa = PBXGroup;
			children = (
				1E51BA0A2C87396F0009FBED /* Preview Assets.xcassets */,
			);
			path = "Preview Content";
			sourceTree = "<group>";
		};
		1E51BA162C8743250009FBED /* Services */ = {
			isa = PBXGroup;
			children = (
				1E51BA172C8743430009FBED /* SRService.swift */,
				1E51BA192C87434C0009FBED /* APIClient.swift */,
				1E51BA1C2C87AADC0009FBED /* AudioService.swift */,
			);
			path = Services;
			sourceTree = "<group>";
		};
		1E51BA202C87C1DA0009FBED /* ContentListViiew */ = {
			isa = PBXGroup;
			children = (
				1E51BA052C87396E0009FBED /* ChannelListView.swift */,
				1E51BA142C873D8F0009FBED /* ChannelListViewModel.swift */,
			);
			path = ContentListViiew;
			sourceTree = "<group>";
		};
		1E51BA212C87C1E90009FBED /* ChannelDetailView */ = {
			isa = PBXGroup;
			children = (
				1E51BA1E2C87C0F60009FBED /* ChannelDetailView.swift */,
				1E51BA222C87C2AE0009FBED /* ChannelDetailViewModel.swift */,
			);
			path = ChannelDetailView;
			sourceTree = "<group>";
		};
		1E51BA242C8873DA0009FBED /* MediaPlayer */ = {
			isa = PBXGroup;
			children = (
				1E51BA252C8873F00009FBED /* MediaPlayerView.swift */,
			);
			path = MediaPlayer;
			sourceTree = "<group>";
		};
		1E51BA292C88767E0009FBED /* Views */ = {
			isa = PBXGroup;
			children = (
				1E51BA242C8873DA0009FBED /* MediaPlayer */,
				1E51BA212C87C1E90009FBED /* ChannelDetailView */,
				1E51BA202C87C1DA0009FBED /* ContentListViiew */,
			);
			path = Views;
			sourceTree = "<group>";
		};
		1E51BA2C2C88F29B0009FBED /* Utils */ = {
			isa = PBXGroup;
			children = (
				1E51BA2D2C88F2B10009FBED /* DictionaryResultBuilder.swift */,
				1E51BA322C8912BD0009FBED /* StringExtensions.swift */,
			);
			path = Utils;
			sourceTree = "<group>";
		};
		1E51BA402C8984BA0009FBED /* TestAVPlayerTests */ = {
			isa = PBXGroup;
			children = (
				1E51BA522C8A27050009FBED /* Mocks */,
				1E51BA4A2C89E02B0009FBED /* Helpers */,
				1E51BA482C89D3B10009FBED /* SRServiceTests.swift */,
				1E51BA4D2C89E3490009FBED /* AudioServiceTests.swift */,
				1E51BA502C8A22070009FBED /* ChannelListViewModelTests.swift */,
			);
			path = TestAVPlayerTests;
			sourceTree = "<group>";
		};
		1E51BA4A2C89E02B0009FBED /* Helpers */ = {
			isa = PBXGroup;
			children = (
				1E51BA4B2C89E0340009FBED /* TestHelpers.swift */,
			);
			path = Helpers;
			sourceTree = "<group>";
		};
		1E51BA522C8A27050009FBED /* Mocks */ = {
			isa = PBXGroup;
			children = (
				1E51BA532C8A27100009FBED /* Mocks.swift */,
			);
			path = Mocks;
			sourceTree = "<group>";
		};
/* End PBXGroup section */

/* Begin PBXNativeTarget section */
		1E51B9FF2C87396E0009FBED /* TestAVPlayer */ = {
			isa = PBXNativeTarget;
			buildConfigurationList = 1E51BA0E2C87396F0009FBED /* Build configuration list for PBXNativeTarget "TestAVPlayer" */;
			buildPhases = (
				1E51B9FC2C87396E0009FBED /* Sources */,
				1E51B9FD2C87396E0009FBED /* Frameworks */,
				1E51B9FE2C87396E0009FBED /* Resources */,
			);
			buildRules = (
			);
			dependencies = (
			);
			name = TestAVPlayer;
			packageProductDependencies = (
				1E51BA122C873D800009FBED /* XMLCoder */,
				1E51BA302C8901660009FBED /* NiceToHave */,
				1E51BA352C8914C60009FBED /* Nuke */,
				1E51BA372C8914C60009FBED /* NukeExtensions */,
				1E51BA392C8914C60009FBED /* NukeUI */,
			);
			productName = TestAVPlayer;
			productReference = 1E51BA002C87396E0009FBED /* TestAVPlayer.app */;
			productType = "com.apple.product-type.application";
		};
		1E51BA3E2C8984BA0009FBED /* TestAVPlayerTests */ = {
			isa = PBXNativeTarget;
			buildConfigurationList = 1E51BA452C8984BA0009FBED /* Build configuration list for PBXNativeTarget "TestAVPlayerTests" */;
			buildPhases = (
				1E51BA3B2C8984BA0009FBED /* Sources */,
				1E51BA3C2C8984BA0009FBED /* Frameworks */,
				1E51BA3D2C8984BA0009FBED /* Resources */,
			);
			buildRules = (
			);
			dependencies = (
				1E51BA442C8984BA0009FBED /* PBXTargetDependency */,
			);
			name = TestAVPlayerTests;
			productName = TestAVPlayerTests;
			productReference = 1E51BA3F2C8984BA0009FBED /* TestAVPlayerTests.xctest */;
			productType = "com.apple.product-type.bundle.unit-test";
		};
/* End PBXNativeTarget section */

/* Begin PBXProject section */
		1E51B9F82C87396E0009FBED /* Project object */ = {
			isa = PBXProject;
			attributes = {
				BuildIndependentTargetsInParallel = 1;
				LastSwiftUpdateCheck = 1540;
				LastUpgradeCheck = 1540;
				TargetAttributes = {
					1E51B9FF2C87396E0009FBED = {
						CreatedOnToolsVersion = 15.4;
					};
					1E51BA3E2C8984BA0009FBED = {
						CreatedOnToolsVersion = 15.4;
						TestTargetID = 1E51B9FF2C87396E0009FBED;
					};
				};
			};
			buildConfigurationList = 1E51B9FB2C87396E0009FBED /* Build configuration list for PBXProject "TestAVPlayer" */;
			compatibilityVersion = "Xcode 14.0";
			developmentRegion = en;
			hasScannedForEncodings = 0;
			knownRegions = (
				en,
				Base,
			);
			mainGroup = 1E51B9F72C87396E0009FBED;
			packageReferences = (
				1E51BA112C873D800009FBED /* XCRemoteSwiftPackageReference "XMLCoder" */,
				1E51BA2F2C8901660009FBED /* XCRemoteSwiftPackageReference "SwiftNiceToHave" */,
				1E51BA342C8914C60009FBED /* XCRemoteSwiftPackageReference "Nuke" */,
			);
			productRefGroup = 1E51BA012C87396E0009FBED /* Products */;
			projectDirPath = "";
			projectRoot = "";
			targets = (
				1E51B9FF2C87396E0009FBED /* TestAVPlayer */,
				1E51BA3E2C8984BA0009FBED /* TestAVPlayerTests */,
			);
		};
/* End PBXProject section */

/* Begin PBXResourcesBuildPhase section */
		1E51B9FE2C87396E0009FBED /* Resources */ = {
			isa = PBXResourcesBuildPhase;
			buildActionMask = 2147483647;
			files = (
				1E51BA0B2C87396F0009FBED /* Preview Assets.xcassets in Resources */,
				1E51BA082C87396F0009FBED /* Assets.xcassets in Resources */,
			);
			runOnlyForDeploymentPostprocessing = 0;
		};
		1E51BA3D2C8984BA0009FBED /* Resources */ = {
			isa = PBXResourcesBuildPhase;
			buildActionMask = 2147483647;
			files = (
			);
			runOnlyForDeploymentPostprocessing = 0;
		};
/* End PBXResourcesBuildPhase section */

/* Begin PBXSourcesBuildPhase section */
		1E51B9FC2C87396E0009FBED /* Sources */ = {
			isa = PBXSourcesBuildPhase;
			buildActionMask = 2147483647;
			files = (
				1E51BA182C8743430009FBED /* SRService.swift in Sources */,
				1E51BA1F2C87C0F60009FBED /* ChannelDetailView.swift in Sources */,
				1E51BA062C87396E0009FBED /* ChannelListView.swift in Sources */,
				1E51BA1D2C87AADC0009FBED /* AudioService.swift in Sources */,
				1E51BA2E2C88F2B10009FBED /* DictionaryResultBuilder.swift in Sources */,
				1E51BA042C87396E0009FBED /* TestAVPlayerApp.swift in Sources */,
				1E51BA332C8912BD0009FBED /* StringExtensions.swift in Sources */,
				1E51BA1A2C87434C0009FBED /* APIClient.swift in Sources */,
				1E51BA152C873D8F0009FBED /* ChannelListViewModel.swift in Sources */,
				1E51BA262C8873F00009FBED /* MediaPlayerView.swift in Sources */,
				1E51BA232C87C2AE0009FBED /* ChannelDetailViewModel.swift in Sources */,
			);
			runOnlyForDeploymentPostprocessing = 0;
		};
		1E51BA3B2C8984BA0009FBED /* Sources */ = {
			isa = PBXSourcesBuildPhase;
			buildActionMask = 2147483647;
			files = (
				1E51BA512C8A22070009FBED /* ChannelListViewModelTests.swift in Sources */,
				1E51BA492C89D3B10009FBED /* SRServiceTests.swift in Sources */,
				1E51BA4E2C89E3490009FBED /* AudioServiceTests.swift in Sources */,
				1E51BA4C2C89E0340009FBED /* TestHelpers.swift in Sources */,
				1E51BA542C8A27100009FBED /* Mocks.swift in Sources */,
			);
			runOnlyForDeploymentPostprocessing = 0;
		};
/* End PBXSourcesBuildPhase section */

/* Begin PBXTargetDependency section */
		1E51BA442C8984BA0009FBED /* PBXTargetDependency */ = {
			isa = PBXTargetDependency;
			target = 1E51B9FF2C87396E0009FBED /* TestAVPlayer */;
			targetProxy = 1E51BA432C8984BA0009FBED /* PBXContainerItemProxy */;
		};
/* End PBXTargetDependency section */

/* Begin XCBuildConfiguration section */
		1E51BA0C2C87396F0009FBED /* Debug */ = {
			isa = XCBuildConfiguration;
			buildSettings = {
				ALWAYS_SEARCH_USER_PATHS = NO;
				ASSETCATALOG_COMPILER_GENERATE_SWIFT_ASSET_SYMBOL_EXTENSIONS = YES;
				CLANG_ANALYZER_NONNULL = YES;
				CLANG_ANALYZER_NUMBER_OBJECT_CONVERSION = YES_AGGRESSIVE;
				CLANG_CXX_LANGUAGE_STANDARD = "gnu++20";
				CLANG_ENABLE_MODULES = YES;
				CLANG_ENABLE_OBJC_ARC = YES;
				CLANG_ENABLE_OBJC_WEAK = YES;
				CLANG_WARN_BLOCK_CAPTURE_AUTORELEASING = YES;
				CLANG_WARN_BOOL_CONVERSION = YES;
				CLANG_WARN_COMMA = YES;
				CLANG_WARN_CONSTANT_CONVERSION = YES;
				CLANG_WARN_DEPRECATED_OBJC_IMPLEMENTATIONS = YES;
				CLANG_WARN_DIRECT_OBJC_ISA_USAGE = YES_ERROR;
				CLANG_WARN_DOCUMENTATION_COMMENTS = YES;
				CLANG_WARN_EMPTY_BODY = YES;
				CLANG_WARN_ENUM_CONVERSION = YES;
				CLANG_WARN_INFINITE_RECURSION = YES;
				CLANG_WARN_INT_CONVERSION = YES;
				CLANG_WARN_NON_LITERAL_NULL_CONVERSION = YES;
				CLANG_WARN_OBJC_IMPLICIT_RETAIN_SELF = YES;
				CLANG_WARN_OBJC_LITERAL_CONVERSION = YES;
				CLANG_WARN_OBJC_ROOT_CLASS = YES_ERROR;
				CLANG_WARN_QUOTED_INCLUDE_IN_FRAMEWORK_HEADER = YES;
				CLANG_WARN_RANGE_LOOP_ANALYSIS = YES;
				CLANG_WARN_STRICT_PROTOTYPES = YES;
				CLANG_WARN_SUSPICIOUS_MOVE = YES;
				CLANG_WARN_UNGUARDED_AVAILABILITY = YES_AGGRESSIVE;
				CLANG_WARN_UNREACHABLE_CODE = YES;
				CLANG_WARN__DUPLICATE_METHOD_MATCH = YES;
				COPY_PHASE_STRIP = NO;
				DEBUG_INFORMATION_FORMAT = dwarf;
				ENABLE_STRICT_OBJC_MSGSEND = YES;
				ENABLE_TESTABILITY = YES;
				ENABLE_USER_SCRIPT_SANDBOXING = YES;
				GCC_C_LANGUAGE_STANDARD = gnu17;
				GCC_DYNAMIC_NO_PIC = NO;
				GCC_NO_COMMON_BLOCKS = YES;
				GCC_OPTIMIZATION_LEVEL = 0;
				GCC_PREPROCESSOR_DEFINITIONS = (
					"DEBUG=1",
					"$(inherited)",
				);
				GCC_WARN_64_TO_32_BIT_CONVERSION = YES;
				GCC_WARN_ABOUT_RETURN_TYPE = YES_ERROR;
				GCC_WARN_UNDECLARED_SELECTOR = YES;
				GCC_WARN_UNINITIALIZED_AUTOS = YES_AGGRESSIVE;
				GCC_WARN_UNUSED_FUNCTION = YES;
				GCC_WARN_UNUSED_VARIABLE = YES;
				IPHONEOS_DEPLOYMENT_TARGET = 17.5;
				LOCALIZATION_PREFERS_STRING_CATALOGS = YES;
				MTL_ENABLE_DEBUG_INFO = INCLUDE_SOURCE;
				MTL_FAST_MATH = YES;
				ONLY_ACTIVE_ARCH = YES;
				SDKROOT = iphoneos;
				SWIFT_ACTIVE_COMPILATION_CONDITIONS = "DEBUG $(inherited)";
				SWIFT_OPTIMIZATION_LEVEL = "-Onone";
			};
			name = Debug;
		};
		1E51BA0D2C87396F0009FBED /* Release */ = {
			isa = XCBuildConfiguration;
			buildSettings = {
				ALWAYS_SEARCH_USER_PATHS = NO;
				ASSETCATALOG_COMPILER_GENERATE_SWIFT_ASSET_SYMBOL_EXTENSIONS = YES;
				CLANG_ANALYZER_NONNULL = YES;
				CLANG_ANALYZER_NUMBER_OBJECT_CONVERSION = YES_AGGRESSIVE;
				CLANG_CXX_LANGUAGE_STANDARD = "gnu++20";
				CLANG_ENABLE_MODULES = YES;
				CLANG_ENABLE_OBJC_ARC = YES;
				CLANG_ENABLE_OBJC_WEAK = YES;
				CLANG_WARN_BLOCK_CAPTURE_AUTORELEASING = YES;
				CLANG_WARN_BOOL_CONVERSION = YES;
				CLANG_WARN_COMMA = YES;
				CLANG_WARN_CONSTANT_CONVERSION = YES;
				CLANG_WARN_DEPRECATED_OBJC_IMPLEMENTATIONS = YES;
				CLANG_WARN_DIRECT_OBJC_ISA_USAGE = YES_ERROR;
				CLANG_WARN_DOCUMENTATION_COMMENTS = YES;
				CLANG_WARN_EMPTY_BODY = YES;
				CLANG_WARN_ENUM_CONVERSION = YES;
				CLANG_WARN_INFINITE_RECURSION = YES;
				CLANG_WARN_INT_CONVERSION = YES;
				CLANG_WARN_NON_LITERAL_NULL_CONVERSION = YES;
				CLANG_WARN_OBJC_IMPLICIT_RETAIN_SELF = YES;
				CLANG_WARN_OBJC_LITERAL_CONVERSION = YES;
				CLANG_WARN_OBJC_ROOT_CLASS = YES_ERROR;
				CLANG_WARN_QUOTED_INCLUDE_IN_FRAMEWORK_HEADER = YES;
				CLANG_WARN_RANGE_LOOP_ANALYSIS = YES;
				CLANG_WARN_STRICT_PROTOTYPES = YES;
				CLANG_WARN_SUSPICIOUS_MOVE = YES;
				CLANG_WARN_UNGUARDED_AVAILABILITY = YES_AGGRESSIVE;
				CLANG_WARN_UNREACHABLE_CODE = YES;
				CLANG_WARN__DUPLICATE_METHOD_MATCH = YES;
				COPY_PHASE_STRIP = NO;
				DEBUG_INFORMATION_FORMAT = "dwarf-with-dsym";
				ENABLE_NS_ASSERTIONS = NO;
				ENABLE_STRICT_OBJC_MSGSEND = YES;
				ENABLE_USER_SCRIPT_SANDBOXING = YES;
				GCC_C_LANGUAGE_STANDARD = gnu17;
				GCC_NO_COMMON_BLOCKS = YES;
				GCC_WARN_64_TO_32_BIT_CONVERSION = YES;
				GCC_WARN_ABOUT_RETURN_TYPE = YES_ERROR;
				GCC_WARN_UNDECLARED_SELECTOR = YES;
				GCC_WARN_UNINITIALIZED_AUTOS = YES_AGGRESSIVE;
				GCC_WARN_UNUSED_FUNCTION = YES;
				GCC_WARN_UNUSED_VARIABLE = YES;
				IPHONEOS_DEPLOYMENT_TARGET = 17.5;
				LOCALIZATION_PREFERS_STRING_CATALOGS = YES;
				MTL_ENABLE_DEBUG_INFO = NO;
				MTL_FAST_MATH = YES;
				SDKROOT = iphoneos;
				SWIFT_COMPILATION_MODE = wholemodule;
				VALIDATE_PRODUCT = YES;
			};
			name = Release;
		};
		1E51BA0F2C87396F0009FBED /* Debug */ = {
			isa = XCBuildConfiguration;
			buildSettings = {
				ASSETCATALOG_COMPILER_APPICON_NAME = AppIcon;
				ASSETCATALOG_COMPILER_GLOBAL_ACCENT_COLOR_NAME = AccentColor;
				CODE_SIGN_IDENTITY = "Apple Development";
				CODE_SIGN_STYLE = Automatic;
				CURRENT_PROJECT_VERSION = 1;
				DEVELOPMENT_ASSET_PATHS = "\"TestAVPlayer/Preview Content\"";
				DEVELOPMENT_TEAM = "";
				ENABLE_PREVIEWS = YES;
				GENERATE_INFOPLIST_FILE = YES;
				INFOPLIST_FILE = TestAVPlayer/Info.plist;
				INFOPLIST_KEY_UIApplicationSceneManifest_Generation = YES;
				INFOPLIST_KEY_UIApplicationSupportsIndirectInputEvents = YES;
				INFOPLIST_KEY_UILaunchScreen_Generation = YES;
				INFOPLIST_KEY_UISupportedInterfaceOrientations_iPad = "UIInterfaceOrientationPortrait UIInterfaceOrientationPortraitUpsideDown UIInterfaceOrientationLandscapeLeft UIInterfaceOrientationLandscapeRight";
				INFOPLIST_KEY_UISupportedInterfaceOrientations_iPhone = "UIInterfaceOrientationPortrait UIInterfaceOrientationLandscapeLeft UIInterfaceOrientationLandscapeRight";
				LD_RUNPATH_SEARCH_PATHS = (
					"$(inherited)",
					"@executable_path/Frameworks",
				);
				MARKETING_VERSION = 1.0;
				PRODUCT_BUNDLE_IDENTIFIER = com.lindebros.testPlayer;
				PRODUCT_NAME = "$(TARGET_NAME)";
				PROVISIONING_PROFILE_SPECIFIER = "";
				SWIFT_EMIT_LOC_STRINGS = YES;
				SWIFT_STRICT_CONCURRENCY = complete;
				SWIFT_VERSION = 5.0;
				TARGETED_DEVICE_FAMILY = "1,2";
			};
			name = Debug;
		};
		1E51BA102C87396F0009FBED /* Release */ = {
			isa = XCBuildConfiguration;
			buildSettings = {
				ASSETCATALOG_COMPILER_APPICON_NAME = AppIcon;
				ASSETCATALOG_COMPILER_GLOBAL_ACCENT_COLOR_NAME = AccentColor;
				CODE_SIGN_IDENTITY = "Apple Development";
				CODE_SIGN_STYLE = Automatic;
				CURRENT_PROJECT_VERSION = 1;
				DEVELOPMENT_ASSET_PATHS = "\"TestAVPlayer/Preview Content\"";
				DEVELOPMENT_TEAM = "";
				ENABLE_PREVIEWS = YES;
				GENERATE_INFOPLIST_FILE = YES;
				INFOPLIST_FILE = TestAVPlayer/Info.plist;
				INFOPLIST_KEY_UIApplicationSceneManifest_Generation = YES;
				INFOPLIST_KEY_UIApplicationSupportsIndirectInputEvents = YES;
				INFOPLIST_KEY_UILaunchScreen_Generation = YES;
				INFOPLIST_KEY_UISupportedInterfaceOrientations_iPad = "UIInterfaceOrientationPortrait UIInterfaceOrientationPortraitUpsideDown UIInterfaceOrientationLandscapeLeft UIInterfaceOrientationLandscapeRight";
				INFOPLIST_KEY_UISupportedInterfaceOrientations_iPhone = "UIInterfaceOrientationPortrait UIInterfaceOrientationLandscapeLeft UIInterfaceOrientationLandscapeRight";
				LD_RUNPATH_SEARCH_PATHS = (
					"$(inherited)",
					"@executable_path/Frameworks",
				);
				MARKETING_VERSION = 1.0;
				PRODUCT_BUNDLE_IDENTIFIER = com.lindebros.testPlayer;
				PRODUCT_NAME = "$(TARGET_NAME)";
				PROVISIONING_PROFILE_SPECIFIER = "";
				SWIFT_EMIT_LOC_STRINGS = YES;
				SWIFT_STRICT_CONCURRENCY = complete;
				SWIFT_VERSION = 5.0;
				TARGETED_DEVICE_FAMILY = "1,2";
			};
			name = Release;
		};
		1E51BA462C8984BA0009FBED /* Debug */ = {
			isa = XCBuildConfiguration;
			buildSettings = {
				BUNDLE_LOADER = "$(TEST_HOST)";
				CODE_SIGN_STYLE = Automatic;
				CURRENT_PROJECT_VERSION = 1;
				DEVELOPMENT_TEAM = 29PKZ2MXGM;
				GENERATE_INFOPLIST_FILE = YES;
				MARKETING_VERSION = 1.0;
				PRODUCT_BUNDLE_IDENTIFIER = com.lindebros.testplayer.TestAVPlayerTests;
				PRODUCT_NAME = "$(TARGET_NAME)";
				SWIFT_EMIT_LOC_STRINGS = NO;
				SWIFT_VERSION = 5.0;
				TARGETED_DEVICE_FAMILY = "1,2";
				TEST_HOST = "$(BUILT_PRODUCTS_DIR)/TestAVPlayer.app/$(BUNDLE_EXECUTABLE_FOLDER_PATH)/TestAVPlayer";
			};
			name = Debug;
		};
		1E51BA472C8984BA0009FBED /* Release */ = {
			isa = XCBuildConfiguration;
			buildSettings = {
				BUNDLE_LOADER = "$(TEST_HOST)";
				CODE_SIGN_STYLE = Automatic;
				CURRENT_PROJECT_VERSION = 1;
				DEVELOPMENT_TEAM = 29PKZ2MXGM;
				GENERATE_INFOPLIST_FILE = YES;
				MARKETING_VERSION = 1.0;
				PRODUCT_BUNDLE_IDENTIFIER = com.lindebros.testplayer.TestAVPlayerTests;
				PRODUCT_NAME = "$(TARGET_NAME)";
				SWIFT_EMIT_LOC_STRINGS = NO;
				SWIFT_VERSION = 5.0;
				TARGETED_DEVICE_FAMILY = "1,2";
				TEST_HOST = "$(BUILT_PRODUCTS_DIR)/TestAVPlayer.app/$(BUNDLE_EXECUTABLE_FOLDER_PATH)/TestAVPlayer";
			};
			name = Release;
		};
/* End XCBuildConfiguration section */

/* Begin XCConfigurationList section */
		1E51B9FB2C87396E0009FBED /* Build configuration list for PBXProject "TestAVPlayer" */ = {
			isa = XCConfigurationList;
			buildConfigurations = (
				1E51BA0C2C87396F0009FBED /* Debug */,
				1E51BA0D2C87396F0009FBED /* Release */,
			);
			defaultConfigurationIsVisible = 0;
			defaultConfigurationName = Release;
		};
		1E51BA0E2C87396F0009FBED /* Build configuration list for PBXNativeTarget "TestAVPlayer" */ = {
			isa = XCConfigurationList;
			buildConfigurations = (
				1E51BA0F2C87396F0009FBED /* Debug */,
				1E51BA102C87396F0009FBED /* Release */,
			);
			defaultConfigurationIsVisible = 0;
			defaultConfigurationName = Release;
		};
		1E51BA452C8984BA0009FBED /* Build configuration list for PBXNativeTarget "TestAVPlayerTests" */ = {
			isa = XCConfigurationList;
			buildConfigurations = (
				1E51BA462C8984BA0009FBED /* Debug */,
				1E51BA472C8984BA0009FBED /* Release */,
			);
			defaultConfigurationIsVisible = 0;
			defaultConfigurationName = Release;
		};
/* End XCConfigurationList section */

/* Begin XCRemoteSwiftPackageReference section */
		1E51BA112C873D800009FBED /* XCRemoteSwiftPackageReference "XMLCoder" */ = {
			isa = XCRemoteSwiftPackageReference;
			repositoryURL = "https://github.com/CoreOffice/XMLCoder";
			requirement = {
				kind = upToNextMajorVersion;
				minimumVersion = 0.17.1;
			};
		};
		1E51BA2F2C8901660009FBED /* XCRemoteSwiftPackageReference "SwiftNiceToHave" */ = {
			isa = XCRemoteSwiftPackageReference;
			repositoryURL = "https://github.com/andylindebros/SwiftNiceToHave";
			requirement = {
				kind = upToNextMajorVersion;
				minimumVersion = 1.0.5;
			};
		};
		1E51BA342C8914C60009FBED /* XCRemoteSwiftPackageReference "Nuke" */ = {
			isa = XCRemoteSwiftPackageReference;
			repositoryURL = "https://github.com/kean/Nuke";
			requirement = {
				kind = upToNextMajorVersion;
				minimumVersion = 12.8.0;
			};
		};
/* End XCRemoteSwiftPackageReference section */

/* Begin XCSwiftPackageProductDependency section */
		1E51BA122C873D800009FBED /* XMLCoder */ = {
			isa = XCSwiftPackageProductDependency;
			package = 1E51BA112C873D800009FBED /* XCRemoteSwiftPackageReference "XMLCoder" */;
			productName = XMLCoder;
		};
		1E51BA302C8901660009FBED /* NiceToHave */ = {
			isa = XCSwiftPackageProductDependency;
			package = 1E51BA2F2C8901660009FBED /* XCRemoteSwiftPackageReference "SwiftNiceToHave" */;
			productName = NiceToHave;
		};
		1E51BA352C8914C60009FBED /* Nuke */ = {
			isa = XCSwiftPackageProductDependency;
			package = 1E51BA342C8914C60009FBED /* XCRemoteSwiftPackageReference "Nuke" */;
			productName = Nuke;
		};
		1E51BA372C8914C60009FBED /* NukeExtensions */ = {
			isa = XCSwiftPackageProductDependency;
			package = 1E51BA342C8914C60009FBED /* XCRemoteSwiftPackageReference "Nuke" */;
			productName = NukeExtensions;
		};
		1E51BA392C8914C60009FBED /* NukeUI */ = {
			isa = XCSwiftPackageProductDependency;
			package = 1E51BA342C8914C60009FBED /* XCRemoteSwiftPackageReference "Nuke" */;
			productName = NukeUI;
		};
/* End XCSwiftPackageProductDependency section */
	};
	rootObject = 1E51B9F82C87396E0009FBED /* Project object */;
}
